
Microsoft Visual Studio Solution File, Format Version 12.00
# Visual Studio 15
VisualStudioVersion = 15.0.26430.12
MinimumVisualStudioVersion = 10.0.40219.1
Project("{FAE04EC0-301F-11D3-BF4B-00C04F79EFBC}") = "Parser", "Parser\Parser.csproj", "{10914925-56C2-434D-AA0D-2F1DB67CB8F1}"
EndProject
Project("{FAE04EC0-301F-11D3-BF4B-00C04F79EFBC}") = "Website", "Website\Website.csproj", "{69123CFE-FA68-423D-A025-CE17F00365D8}"
EndProject
Project("{FAE04EC0-301F-11D3-BF4B-00C04F79EFBC}") = "WebApp", "WebApp\WebApp.csproj", "{AF8ED027-2EE9-464B-8C6B-AFD8264B9913}"
EndProject
Global
	GlobalSection(SolutionConfigurationPlatforms) = preSolution
		Debug|Any CPU = Debug|Any CPU
		Release|Any CPU = Release|Any CPU
	EndGlobalSection
	GlobalSection(ProjectConfigurationPlatforms) = postSolution
		{10914925-56C2-434D-AA0D-2F1DB67CB8F1}.Debug|Any CPU.ActiveCfg = Debug|Any CPU
		{10914925-56C2-434D-AA0D-2F1DB67CB8F1}.Debug|Any CPU.Build.0 = Debug|Any CPU
		{10914925-56C2-434D-AA0D-2F1DB67CB8F1}.Release|Any CPU.ActiveCfg = Release|Any CPU
		{10914925-56C2-434D-AA0D-2F1DB67CB8F1}.Release|Any CPU.Build.0 = Release|Any CPU
		{69123CFE-FA68-423D-A025-CE17F00365D8}.Debug|Any CPU.ActiveCfg = Debug|Any CPU
		{69123CFE-FA68-423D-A025-CE17F00365D8}.Debug|Any CPU.Build.0 = Debug|Any CPU
		{69123CFE-FA68-423D-A025-CE17F00365D8}.Release|Any CPU.ActiveCfg = Release|Any CPU
		{69123CFE-FA68-423D-A025-CE17F00365D8}.Release|Any CPU.Build.0 = Release|Any CPU
		{AF8ED027-2EE9-464B-8C6B-AFD8264B9913}.Debug|Any CPU.ActiveCfg = Debug|Any CPU
		{AF8ED027-2EE9-464B-8C6B-AFD8264B9913}.Debug|Any CPU.Build.0 = Debug|Any CPU
		{AF8ED027-2EE9-464B-8C6B-AFD8264B9913}.Release|Any CPU.ActiveCfg = Release|Any CPU
		{AF8ED027-2EE9-464B-8C6B-AFD8264B9913}.Release|Any CPU.Build.0 = Release|Any CPU
	EndGlobalSection
	GlobalSection(SolutionProperties) = preSolution
		HideSolutionNode = FALSE
	EndGlobalSection
EndGlobal
